// !$*UTF8*$!
{
	archiveVersion = 1;
	classes = {
	};
	objectVersion = 55;
	objects = {

/* Begin PBXBuildFile section */
		17CDD00B2852700D006D81DC /* AppDelegate.swift in Sources */ = {isa = PBXBuildFile; fileRef = 17CDD00A2852700D006D81DC /* AppDelegate.swift */; };
		17CDD00D2852700D006D81DC /* SceneDelegate.swift in Sources */ = {isa = PBXBuildFile; fileRef = 17CDD00C2852700D006D81DC /* SceneDelegate.swift */; };
		17CDD00F2852700D006D81DC /* ViewController.swift in Sources */ = {isa = PBXBuildFile; fileRef = 17CDD00E2852700D006D81DC /* ViewController.swift */; };
		17CDD0122852700D006D81DC /* Main.storyboard in Resources */ = {isa = PBXBuildFile; fileRef = 17CDD0102852700D006D81DC /* Main.storyboard */; };
		17CDD0142852700F006D81DC /* Assets.xcassets in Resources */ = {isa = PBXBuildFile; fileRef = 17CDD0132852700F006D81DC /* Assets.xcassets */; };
		17CDD0172852700F006D81DC /* LaunchScreen.storyboard in Resources */ = {isa = PBXBuildFile; fileRef = 17CDD0152852700F006D81DC /* LaunchScreen.storyboard */; };
		17CDD0222852700F006D81DC /* quizTests.swift in Sources */ = {isa = PBXBuildFile; fileRef = 17CDD0212852700F006D81DC /* quizTests.swift */; };
		17CDD02C2852700F006D81DC /* quizUITests.swift in Sources */ = {isa = PBXBuildFile; fileRef = 17CDD02B2852700F006D81DC /* quizUITests.swift */; };
		17CDD02E2852700F006D81DC /* quizUITestsLaunchTests.swift in Sources */ = {isa = PBXBuildFile; fileRef = 17CDD02D2852700F006D81DC /* quizUITestsLaunchTests.swift */; };
		17CDD03B28527935006D81DC /* secondViewController.swift in Sources */ = {isa = PBXBuildFile; fileRef = 17CDD03A28527935006D81DC /* secondViewController.swift */; };
		17CDD03D28532E74006D81DC /* thirdViewController.swift in Sources */ = {isa = PBXBuildFile; fileRef = 17CDD03C28532E74006D81DC /* thirdViewController.swift */; };
		17CDD03F285393EB006D81DC /* fourthViewController.swift in Sources */ = {isa = PBXBuildFile; fileRef = 17CDD03E285393EA006D81DC /* fourthViewController.swift */; };
/* End PBXBuildFile section */

/* Begin PBXContainerItemProxy section */
		17CDD01E2852700F006D81DC /* PBXContainerItemProxy */ = {
			isa = PBXContainerItemProxy;
			containerPortal = 17CDCFFF2852700C006D81DC /* Project object */;
			proxyType = 1;
			remoteGlobalIDString = 17CDD0062852700C006D81DC;
			remoteInfo = quiz;
		};
		17CDD0282852700F006D81DC /* PBXContainerItemProxy */ = {
			isa = PBXContainerItemProxy;
			containerPortal = 17CDCFFF2852700C006D81DC /* Project object */;
			proxyType = 1;
			remoteGlobalIDString = 17CDD0062852700C006D81DC;
			remoteInfo = quiz;
		};
/* End PBXContainerItemProxy section */

/* Begin PBXFileReference section */
		17CDD0072852700D006D81DC /* quiz.app */ = {isa = PBXFileReference; explicitFileType = wrapper.application; includeInIndex = 0; path = quiz.app; sourceTree = BUILT_PRODUCTS_DIR; };
		17CDD00A2852700D006D81DC /* AppDelegate.swift */ = {isa = PBXFileReference; lastKnownFileType = sourcecode.swift; path = AppDelegate.swift; sourceTree = "<group>"; };
		17CDD00C2852700D006D81DC /* SceneDelegate.swift */ = {isa = PBXFileReference; lastKnownFileType = sourcecode.swift; path = SceneDelegate.swift; sourceTree = "<group>"; };
		17CDD00E2852700D006D81DC /* ViewController.swift */ = {isa = PBXFileReference; lastKnownFileType = sourcecode.swift; path = ViewController.swift; sourceTree = "<group>"; };
		17CDD0112852700D006D81DC /* Base */ = {isa = PBXFileReference; lastKnownFileType = file.storyboard; name = Base; path = Base.lproj/Main.storyboard; sourceTree = "<group>"; };
		17CDD0132852700F006D81DC /* Assets.xcassets */ = {isa = PBXFileReference; lastKnownFileType = folder.assetcatalog; path = Assets.xcassets; sourceTree = "<group>"; };
		17CDD0162852700F006D81DC /* Base */ = {isa = PBXFileReference; lastKnownFileType = file.storyboard; name = Base; path = Base.lproj/LaunchScreen.storyboard; sourceTree = "<group>"; };
		17CDD0182852700F006D81DC /* Info.plist */ = {isa = PBXFileReference; lastKnownFileType = text.plist.xml; path = Info.plist; sourceTree = "<group>"; };
		17CDD01D2852700F006D81DC /* quizTests.xctest */ = {isa = PBXFileReference; explicitFileType = wrapper.cfbundle; includeInIndex = 0; path = quizTests.xctest; sourceTree = BUILT_PRODUCTS_DIR; };
		17CDD0212852700F006D81DC /* quizTests.swift */ = {isa = PBXFileReference; lastKnownFileType = sourcecode.swift; path = quizTests.swift; sourceTree = "<group>"; };
		17CDD0272852700F006D81DC /* quizUITests.xctest */ = {isa = PBXFileReference; explicitFileType = wrapper.cfbundle; includeInIndex = 0; path = quizUITests.xctest; sourceTree = BUILT_PRODUCTS_DIR; };
		17CDD02B2852700F006D81DC /* quizUITests.swift */ = {isa = PBXFileReference; lastKnownFileType = sourcecode.swift; path = quizUITests.swift; sourceTree = "<group>"; };
		17CDD02D2852700F006D81DC /* quizUITestsLaunchTests.swift */ = {isa = PBXFileReference; lastKnownFileType = sourcecode.swift; path = quizUITestsLaunchTests.swift; sourceTree = "<group>"; };
		17CDD03A28527935006D81DC /* secondViewController.swift */ = {isa = PBXFileReference; lastKnownFileType = sourcecode.swift; path = secondViewController.swift; sourceTree = "<group>"; };
		17CDD03C28532E74006D81DC /* thirdViewController.swift */ = {isa = PBXFileReference; lastKnownFileType = sourcecode.swift; path = thirdViewController.swift; sourceTree = "<group>"; };
		17CDD03E285393EA006D81DC /* fourthViewController.swift */ = {isa = PBXFileReference; lastKnownFileType = sourcecode.swift; path = fourthViewController.swift; sourceTree = "<group>"; };
/* End PBXFileReference section */

/* Begin PBXFrameworksBuildPhase section */
		17CDD0042852700C006D81DC /* Frameworks */ = {
			isa = PBXFrameworksBuildPhase;
			buildActionMask = 2147483647;
			files = (
			);
			runOnlyForDeploymentPostprocessing = 0;
		};
		17CDD01A2852700F006D81DC /* Frameworks */ = {
			isa = PBXFrameworksBuildPhase;
			buildActionMask = 2147483647;
			files = (
			);
			runOnlyForDeploymentPostprocessing = 0;
		};
		17CDD0242852700F006D81DC /* Frameworks */ = {
			isa = PBXFrameworksBuildPhase;
			buildActionMask = 2147483647;
			files = (
			);
			runOnlyForDeploymentPostprocessing = 0;
		};
/* End PBXFrameworksBuildPhase section */

/* Begin PBXGroup section */
		17CDCFFE2852700C006D81DC = {
			isa = PBXGroup;
			children = (
				17CDD03C28532E74006D81DC /* thirdViewController.swift */,
				17CDD0092852700D006D81DC /* quiz */,
				17CDD0202852700F006D81DC /* quizTests */,
				17CDD02A2852700F006D81DC /* quizUITests */,
				17CDD0082852700D006D81DC /* Products */,
			);
			sourceTree = "<group>";
		};
		17CDD0082852700D006D81DC /* Products */ = {
			isa = PBXGroup;
			children = (
				17CDD0072852700D006D81DC /* quiz.app */,
				17CDD01D2852700F006D81DC /* quizTests.xctest */,
				17CDD0272852700F006D81DC /* quizUITests.xctest */,
			);
			name = Products;
			sourceTree = "<group>";
		};
		17CDD0092852700D006D81DC /* quiz */ = {
			isa = PBXGroup;
			children = (
				17CDD00A2852700D006D81DC /* AppDelegate.swift */,
				17CDD00C2852700D006D81DC /* SceneDelegate.swift */,
				17CDD00E2852700D006D81DC /* ViewController.swift */,
				17CDD0102852700D006D81DC /* Main.storyboard */,
				17CDD03E285393EA006D81DC /* fourthViewController.swift */,
				17CDD03A28527935006D81DC /* secondViewController.swift */,
				17CDD0132852700F006D81DC /* Assets.xcassets */,
				17CDD0152852700F006D81DC /* LaunchScreen.storyboard */,
				17CDD0182852700F006D81DC /* Info.plist */,
			);
			path = quiz;
			sourceTree = "<group>";
		};
		17CDD0202852700F006D81DC /* quizTests */ = {
			isa = PBXGroup;
			children = (
				17CDD0212852700F006D81DC /* quizTests.swift */,
			);
			path = quizTests;
			sourceTree = "<group>";
		};
		17CDD02A2852700F006D81DC /* quizUITests */ = {
			isa = PBXGroup;
			children = (
				17CDD02B2852700F006D81DC /* quizUITests.swift */,
				17CDD02D2852700F006D81DC /* quizUITestsLaunchTests.swift */,
			);
			path = quizUITests;
			sourceTree = "<group>";
		};
/* End PBXGroup section */

/* Begin PBXNativeTarget section */
		17CDD0062852700C006D81DC /* quiz */ = {
			isa = PBXNativeTarget;
			buildConfigurationList = 17CDD0312852700F006D81DC /* Build configuration list for PBXNativeTarget "quiz" */;
			buildPhases = (
				17CDD0032852700C006D81DC /* Sources */,
				17CDD0042852700C006D81DC /* Frameworks */,
				17CDD0052852700C006D81DC /* Resources */,
			);
			buildRules = (
			);
			dependencies = (
			);
			name = quiz;
			productName = quiz;
			productReference = 17CDD0072852700D006D81DC /* quiz.app */;
			productType = "com.apple.product-type.application";
		};
		17CDD01C2852700F006D81DC /* quizTests */ = {
			isa = PBXNativeTarget;
			buildConfigurationList = 17CDD0342852700F006D81DC /* Build configuration list for PBXNativeTarget "quizTests" */;
			buildPhases = (
				17CDD0192852700F006D81DC /* Sources */,
				17CDD01A2852700F006D81DC /* Frameworks */,
				17CDD01B2852700F006D81DC /* Resources */,
			);
			buildRules = (
			);
			dependencies = (
				17CDD01F2852700F006D81DC /* PBXTargetDependency */,
			);
			name = quizTests;
			productName = quizTests;
			productReference = 17CDD01D2852700F006D81DC /* quizTests.xctest */;
			productType = "com.apple.product-type.bundle.unit-test";
		};
		17CDD0262852700F006D81DC /* quizUITests */ = {
			isa = PBXNativeTarget;
			buildConfigurationList = 17CDD0372852700F006D81DC /* Build configuration list for PBXNativeTarget "quizUITests" */;
			buildPhases = (
				17CDD0232852700F006D81DC /* Sources */,
				17CDD0242852700F006D81DC /* Frameworks */,
				17CDD0252852700F006D81DC /* Resources */,
			);
			buildRules = (
			);
			dependencies = (
				17CDD0292852700F006D81DC /* PBXTargetDependency */,
			);
			name = quizUITests;
			productName = quizUITests;
			productReference = 17CDD0272852700F006D81DC /* quizUITests.xctest */;
			productType = "com.apple.product-type.bundle.ui-testing";
		};
/* End PBXNativeTarget section */

/* Begin PBXProject section */
		17CDCFFF2852700C006D81DC /* Project object */ = {
			isa = PBXProject;
			attributes = {
				BuildIndependentTargetsInParallel = 1;
				LastSwiftUpdateCheck = 1340;
				LastUpgradeCheck = 1340;
				TargetAttributes = {
					17CDD0062852700C006D81DC = {
						CreatedOnToolsVersion = 13.4;
					};
					17CDD01C2852700F006D81DC = {
						CreatedOnToolsVersion = 13.4;
						TestTargetID = 17CDD0062852700C006D81DC;
					};
					17CDD0262852700F006D81DC = {
						CreatedOnToolsVersion = 13.4;
						TestTargetID = 17CDD0062852700C006D81DC;
					};
				};
			};
			buildConfigurationList = 17CDD0022852700C006D81DC /* Build configuration list for PBXProject "quiz" */;
			compatibilityVersion = "Xcode 13.0";
			developmentRegion = en;
			hasScannedForEncodings = 0;
			knownRegions = (
				en,
				Base,
			);
			mainGroup = 17CDCFFE2852700C006D81DC;
			productRefGroup = 17CDD0082852700D006D81DC /* Products */;
			projectDirPath = "";
			projectRoot = "";
			targets = (
				17CDD0062852700C006D81DC /* quiz */,
				17CDD01C2852700F006D81DC /* quizTests */,
				17CDD0262852700F006D81DC /* quizUITests */,
			);
		};
/* End PBXProject section */

/* Begin PBXResourcesBuildPhase section */
		17CDD0052852700C006D81DC /* Resources */ = {
			isa = PBXResourcesBuildPhase;
			buildActionMask = 2147483647;
			files = (
				17CDD0172852700F006D81DC /* LaunchScreen.storyboard in Resources */,
				17CDD0142852700F006D81DC /* Assets.xcassets in Resources */,
				17CDD0122852700D006D81DC /* Main.storyboard in Resources */,
			);
			runOnlyForDeploymentPostprocessing = 0;
		};
		17CDD01B2852700F006D81DC /* Resources */ = {
			isa = PBXResourcesBuildPhase;
			buildActionMask = 2147483647;
			files = (
			);
			runOnlyForDeploymentPostprocessing = 0;
		};
		17CDD0252852700F006D81DC /* Resources */ = {
			isa = PBXResourcesBuildPhase;
			buildActionMask = 2147483647;
			files = (
			);
			runOnlyForDeploymentPostprocessing = 0;
		};
/* End PBXResourcesBuildPhase section */

/* Begin PBXSourcesBuildPhase section */
		17CDD0032852700C006D81DC /* Sources */ = {
			isa = PBXSourcesBuildPhase;
			buildActionMask = 2147483647;
			files = (
				17CDD03B28527935006D81DC /* secondViewController.swift in Sources */,
				17CDD00F2852700D006D81DC /* ViewController.swift in Sources */,
				17CDD03F285393EB006D81DC /* fourthViewController.swift in Sources */,
				17CDD03D28532E74006D81DC /* thirdViewController.swift in Sources */,
				17CDD00B2852700D006D81DC /* AppDelegate.swift in Sources */,
				17CDD00D2852700D006D81DC /* SceneDelegate.swift in Sources */,
			);
			runOnlyForDeploymentPostprocessing = 0;
		};
		17CDD0192852700F006D81DC /* Sources */ = {
			isa = PBXSourcesBuildPhase;
			buildActionMask = 2147483647;
			files = (
				17CDD0222852700F006D81DC /* quizTests.swift in Sources */,
			);
			runOnlyForDeploymentPostprocessing = 0;
		};
		17CDD0232852700F006D81DC /* Sources */ = {
			isa = PBXSourcesBuildPhase;
			buildActionMask = 2147483647;
			files = (
				17CDD02C2852700F006D81DC /* quizUITests.swift in Sources */,
				17CDD02E2852700F006D81DC /* quizUITestsLaunchTests.swift in Sources */,
			);
			runOnlyForDeploymentPostprocessing = 0;
		};
/* End PBXSourcesBuildPhase section */

/* Begin PBXTargetDependency section */
		17CDD01F2852700F006D81DC /* PBXTargetDependency */ = {
			isa = PBXTargetDependency;
			target = 17CDD0062852700C006D81DC /* quiz */;
			targetProxy = 17CDD01E2852700F006D81DC /* PBXContainerItemProxy */;
		};
		17CDD0292852700F006D81DC /* PBXTargetDependency */ = {
			isa = PBXTargetDependency;
			target = 17CDD0062852700C006D81DC /* quiz */;
			targetProxy = 17CDD0282852700F006D81DC /* PBXContainerItemProxy */;
		};
/* End PBXTargetDependency section */

/* Begin PBXVariantGroup section */
		17CDD0102852700D006D81DC /* Main.storyboard */ = {
			isa = PBXVariantGroup;
			children = (
				17CDD0112852700D006D81DC /* Base */,
			);
			name = Main.storyboard;
			sourceTree = "<group>";
		};
		17CDD0152852700F006D81DC /* LaunchScreen.storyboard */ = {
			isa = PBXVariantGroup;
			children = (
				17CDD0162852700F006D81DC /* Base */,
			);
			name = LaunchScreen.storyboard;
			sourceTree = "<group>";
		};
/* End PBXVariantGroup section */

/* Begin XCBuildConfiguration section */
		17CDD02F2852700F006D81DC /* Debug */ = {
			isa = XCBuildConfiguration;
			buildSettings = {
				ALWAYS_SEARCH_USER_PATHS = NO;
				CLANG_ANALYZER_NONNULL = YES;
				CLANG_ANALYZER_NUMBER_OBJECT_CONVERSION = YES_AGGRESSIVE;
				CLANG_CXX_LANGUAGE_STANDARD = "gnu++17";
				CLANG_ENABLE_MODULES = YES;
				CLANG_ENABLE_OBJC_ARC = YES;
				CLANG_ENABLE_OBJC_WEAK = YES;
				CLANG_WARN_BLOCK_CAPTURE_AUTORELEASING = YES;
				CLANG_WARN_BOOL_CONVERSION = YES;
				CLANG_WARN_COMMA = YES;
				CLANG_WARN_CONSTANT_CONVERSION = YES;
				CLANG_WARN_DEPRECATED_OBJC_IMPLEMENTATIONS = YES;
				CLANG_WARN_DIRECT_OBJC_ISA_USAGE = YES_ERROR;
				CLANG_WARN_DOCUMENTATION_COMMENTS = YES;
				CLANG_WARN_EMPTY_BODY = YES;
				CLANG_WARN_ENUM_CONVERSION = YES;
				CLANG_WARN_INFINITE_RECURSION = YES;
				CLANG_WARN_INT_CONVERSION = YES;
				CLANG_WARN_NON_LITERAL_NULL_CONVERSION = YES;
				CLANG_WARN_OBJC_IMPLICIT_RETAIN_SELF = YES;
				CLANG_WARN_OBJC_LITERAL_CONVERSION = YES;
				CLANG_WARN_OBJC_ROOT_CLASS = YES_ERROR;
				CLANG_WARN_QUOTED_INCLUDE_IN_FRAMEWORK_HEADER = YES;
				CLANG_WARN_RANGE_LOOP_ANALYSIS = YES;
				CLANG_WARN_STRICT_PROTOTYPES = YES;
				CLANG_WARN_SUSPICIOUS_MOVE = YES;
				CLANG_WARN_UNGUARDED_AVAILABILITY = YES_AGGRESSIVE;
				CLANG_WARN_UNREACHABLE_CODE = YES;
				CLANG_WARN__DUPLICATE_METHOD_MATCH = YES;
				COPY_PHASE_STRIP = NO;
				DEBUG_INFORMATION_FORMAT = dwarf;
				ENABLE_STRICT_OBJC_MSGSEND = YES;
				ENABLE_TESTABILITY = YES;
				GCC_C_LANGUAGE_STANDARD = gnu11;
				GCC_DYNAMIC_NO_PIC = NO;
				GCC_NO_COMMON_BLOCKS = YES;
				GCC_OPTIMIZATION_LEVEL = 0;
				GCC_PREPROCESSOR_DEFINITIONS = (
					"DEBUG=1",
					"$(inherited)",
				);
				GCC_WARN_64_TO_32_BIT_CONVERSION = YES;
				GCC_WARN_ABOUT_RETURN_TYPE = YES_ERROR;
				GCC_WARN_UNDECLARED_SELECTOR = YES;
				GCC_WARN_UNINITIALIZED_AUTOS = YES_AGGRESSIVE;
				GCC_WARN_UNUSED_FUNCTION = YES;
				GCC_WARN_UNUSED_VARIABLE = YES;
				IPHONEOS_DEPLOYMENT_TARGET = 15.5;
				MTL_ENABLE_DEBUG_INFO = INCLUDE_SOURCE;
				MTL_FAST_MATH = YES;
				ONLY_ACTIVE_ARCH = YES;
				SDKROOT = iphoneos;
				SWIFT_ACTIVE_COMPILATION_CONDITIONS = DEBUG;
				SWIFT_OPTIMIZATION_LEVEL = "-Onone";
			};
			name = Debug;
		};
		17CDD0302852700F006D81DC /* Release */ = {
			isa = XCBuildConfiguration;
			buildSettings = {
				ALWAYS_SEARCH_USER_PATHS = NO;
				CLANG_ANALYZER_NONNULL = YES;
				CLANG_ANALYZER_NUMBER_OBJECT_CONVERSION = YES_AGGRESSIVE;
				CLANG_CXX_LANGUAGE_STANDARD = "gnu++17";
				CLANG_ENABLE_MODULES = YES;
				CLANG_ENABLE_OBJC_ARC = YES;
				CLANG_ENABLE_OBJC_WEAK = YES;
				CLANG_WARN_BLOCK_CAPTURE_AUTORELEASING = YES;
				CLANG_WARN_BOOL_CONVERSION = YES;
				CLANG_WARN_COMMA = YES;
				CLANG_WARN_CONSTANT_CONVERSION = YES;
				CLANG_WARN_DEPRECATED_OBJC_IMPLEMENTATIONS = YES;
				CLANG_WARN_DIRECT_OBJC_ISA_USAGE = YES_ERROR;
				CLANG_WARN_DOCUMENTATION_COMMENTS = YES;
				CLANG_WARN_EMPTY_BODY = YES;
				CLANG_WARN_ENUM_CONVERSION = YES;
				CLANG_WARN_INFINITE_RECURSION = YES;
				CLANG_WARN_INT_CONVERSION = YES;
				CLANG_WARN_NON_LITERAL_NULL_CONVERSION = YES;
				CLANG_WARN_OBJC_IMPLICIT_RETAIN_SELF = YES;
				CLANG_WARN_OBJC_LITERAL_CONVERSION = YES;
				CLANG_WARN_OBJC_ROOT_CLASS = YES_ERROR;
				CLANG_WARN_QUOTED_INCLUDE_IN_FRAMEWORK_HEADER = YES;
				CLANG_WARN_RANGE_LOOP_ANALYSIS = YES;
				CLANG_WARN_STRICT_PROTOTYPES = YES;
				CLANG_WARN_SUSPICIOUS_MOVE = YES;
				CLANG_WARN_UNGUARDED_AVAILABILITY = YES_AGGRESSIVE;
				CLANG_WARN_UNREACHABLE_CODE = YES;
				CLANG_WARN__DUPLICATE_METHOD_MATCH = YES;
				COPY_PHASE_STRIP = NO;
				DEBUG_INFORMATION_FORMAT = "dwarf-with-dsym";
				ENABLE_NS_ASSERTIONS = NO;
				ENABLE_STRICT_OBJC_MSGSEND = YES;
				GCC_C_LANGUAGE_STANDARD = gnu11;
				GCC_NO_COMMON_BLOCKS = YES;
				GCC_WARN_64_TO_32_BIT_CONVERSION = YES;
				GCC_WARN_ABOUT_RETURN_TYPE = YES_ERROR;
				GCC_WARN_UNDECLARED_SELECTOR = YES;
				GCC_WARN_UNINITIALIZED_AUTOS = YES_AGGRESSIVE;
				GCC_WARN_UNUSED_FUNCTION = YES;
				GCC_WARN_UNUSED_VARIABLE = YES;
				IPHONEOS_DEPLOYMENT_TARGET = 15.5;
				MTL_ENABLE_DEBUG_INFO = NO;
				MTL_FAST_MATH = YES;
				SDKROOT = iphoneos;
				SWIFT_COMPILATION_MODE = wholemodule;
				SWIFT_OPTIMIZATION_LEVEL = "-O";
				VALIDATE_PRODUCT = YES;
			};
			name = Release;
		};
		17CDD0322852700F006D81DC /* Debug */ = {
			isa = XCBuildConfiguration;
			buildSettings = {
				ASSETCATALOG_COMPILER_APPICON_NAME = AppIcon;
				ASSETCATALOG_COMPILER_GLOBAL_ACCENT_COLOR_NAME = AccentColor;
				CODE_SIGN_STYLE = Automatic;
				CURRENT_PROJECT_VERSION = 1;
				GENERATE_INFOPLIST_FILE = YES;
				INFOPLIST_FILE = quiz/Info.plist;
				INFOPLIST_KEY_UIApplicationSupportsIndirectInputEvents = YES;
				INFOPLIST_KEY_UILaunchStoryboardName = LaunchScreen;
				INFOPLIST_KEY_UIMainStoryboardFile = Main;
				INFOPLIST_KEY_UISupportedInterfaceOrientations_iPad = "UIInterfaceOrientationPortrait UIInterfaceOrientationPortraitUpsideDown UIInterfaceOrientationLandscapeLeft UIInterfaceOrientationLandscapeRight";
				INFOPLIST_KEY_UISupportedInterfaceOrientations_iPhone = "UIInterfaceOrientationPortrait UIInterfaceOrientationLandscapeLeft UIInterfaceOrientationLandscapeRight";
				LD_RUNPATH_SEARCH_PATHS = (
					"$(inherited)",
					"@executable_path/Frameworks",
				);
				MARKETING_VERSION = 1.0;
				PRODUCT_BUNDLE_IDENTIFIER = xd.quiz;
				PRODUCT_NAME = "$(TARGET_NAME)";
				SWIFT_EMIT_LOC_STRINGS = YES;
				SWIFT_VERSION = 5.0;
				TARGETED_DEVICE_FAMILY = "1,2";
			};
			name = Debug;
		};
		17CDD0332852700F006D81DC /* Release */ = {
			isa = XCBuildConfiguration;
			buildSettings = {
				ASSETCATALOG_COMPILER_APPICON_NAME = AppIcon;
				ASSETCATALOG_COMPILER_GLOBAL_ACCENT_COLOR_NAME = AccentColor;
				CODE_SIGN_STYLE = Automatic;
				CURRENT_PROJECT_VERSION = 1;
				GENERATE_INFOPLIST_FILE = YES;
				INFOPLIST_FILE = quiz/Info.plist;
				INFOPLIST_KEY_UIApplicationSupportsIndirectInputEvents = YES;
				INFOPLIST_KEY_UILaunchStoryboardName = LaunchScreen;
				INFOPLIST_KEY_UIMainStoryboardFile = Main;
				INFOPLIST_KEY_UISupportedInterfaceOrientations_iPad = "UIInterfaceOrientationPortrait UIInterfaceOrientationPortraitUpsideDown UIInterfaceOrientationLandscapeLeft UIInterfaceOrientationLandscapeRight";
				INFOPLIST_KEY_UISupportedInterfaceOrientations_iPhone = "UIInterfaceOrientationPortrait UIInterfaceOrientationLandscapeLeft UIInterfaceOrientationLandscapeRight";
				LD_RUNPATH_SEARCH_PATHS = (
					"$(inherited)",
					"@executable_path/Frameworks",
				);
				MARKETING_VERSION = 1.0;
				PRODUCT_BUNDLE_IDENTIFIER = xd.quiz;
				PRODUCT_NAME = "$(TARGET_NAME)";
				SWIFT_EMIT_LOC_STRINGS = YES;
				SWIFT_VERSION = 5.0;
				TARGETED_DEVICE_FAMILY = "1,2";
			};
			name = Release;
		};
		17CDD0352852700F006D81DC /* Debug */ = {
			isa = XCBuildConfiguration;
			buildSettings = {
				ALWAYS_EMBED_SWIFT_STANDARD_LIBRARIES = YES;
				BUNDLE_LOADER = "$(TEST_HOST)";
				CODE_SIGN_STYLE = Automatic;
				CURRENT_PROJECT_VERSION = 1;
				GENERATE_INFOPLIST_FILE = YES;
				IPHONEOS_DEPLOYMENT_TARGET = 15.5;
				MARKETING_VERSION = 1.0;
				PRODUCT_BUNDLE_IDENTIFIER = xd.quizTests;
				PRODUCT_NAME = "$(TARGET_NAME)";
				SWIFT_EMIT_LOC_STRINGS = NO;
				SWIFT_VERSION = 5.0;
				TARGETED_DEVICE_FAMILY = "1,2";
				TEST_HOST = "$(BUILT_PRODUCTS_DIR)/quiz.app/quiz";
			};
			name = Debug;
		};
		17CDD0362852700F006D81DC /* Release */ = {
			isa = XCBuildConfiguration;
			buildSettings = {
				ALWAYS_EMBED_SWIFT_STANDARD_LIBRARIES = YES;
				BUNDLE_LOADER = "$(TEST_HOST)";
				CODE_SIGN_STYLE = Automatic;
				CURRENT_PROJECT_VERSION = 1;
				GENERATE_INFOPLIST_FILE = YES;
				IPHONEOS_DEPLOYMENT_TARGET = 15.5;
				MARKETING_VERSION = 1.0;
				PRODUCT_BUNDLE_IDENTIFIER = xd.quizTests;
				PRODUCT_NAME = "$(TARGET_NAME)";
				SWIFT_EMIT_LOC_STRINGS = NO;
				SWIFT_VERSION = 5.0;
				TARGETED_DEVICE_FAMILY = "1,2";
				TEST_HOST = "$(BUILT_PRODUCTS_DIR)/quiz.app/quiz";
			};
			name = Release;
		};
		17CDD0382852700F006D81DC /* Debug */ = {
			isa = XCBuildConfiguration;
			buildSettings = {
				ALWAYS_EMBED_SWIFT_STANDARD_LIBRARIES = YES;
				CODE_SIGN_STYLE = Automatic;
				CURRENT_PROJECT_VERSION = 1;
				GENERATE_INFOPLIST_FILE = YES;
				MARKETING_VERSION = 1.0;
				PRODUCT_BUNDLE_IDENTIFIER = xd.quizUITests;
				PRODUCT_NAME = "$(TARGET_NAME)";
				SWIFT_EMIT_LOC_STRINGS = NO;
				SWIFT_VERSION = 5.0;
				TARGETED_DEVICE_FAMILY = "1,2";
				TEST_TARGET_NAME = quiz;
			};
			name = Debug;
		};
		17CDD0392852700F006D81DC /* Release */ = {
			isa = XCBuildConfiguration;
			buildSettings = {
				ALWAYS_EMBED_SWIFT_STANDARD_LIBRARIES = YES;
				CODE_SIGN_STYLE = Automatic;
				CURRENT_PROJECT_VERSION = 1;
				GENERATE_INFOPLIST_FILE = YES;
				MARKETING_VERSION = 1.0;
				PRODUCT_BUNDLE_IDENTIFIER = xd.quizUITests;
				PRODUCT_NAME = "$(TARGET_NAME)";
				SWIFT_EMIT_LOC_STRINGS = NO;
				SWIFT_VERSION = 5.0;
				TARGETED_DEVICE_FAMILY = "1,2";
				TEST_TARGET_NAME = quiz;
			};
			name = Release;
		};
/* End XCBuildConfiguration section */

/* Begin XCConfigurationList section */
		17CDD0022852700C006D81DC /* Build configuration list for PBXProject "quiz" */ = {
			isa = XCConfigurationList;
			buildConfigurations = (
				17CDD02F2852700F006D81DC /* Debug */,
				17CDD0302852700F006D81DC /* Release */,
			);
			defaultConfigurationIsVisible = 0;
			defaultConfigurationName = Release;
		};
		17CDD0312852700F006D81DC /* Build configuration list for PBXNativeTarget "quiz" */ = {
			isa = XCConfigurationList;
			buildConfigurations = (
				17CDD0322852700F006D81DC /* Debug */,
				17CDD0332852700F006D81DC /* Release */,
			);
			defaultConfigurationIsVisible = 0;
			defaultConfigurationName = Release;
		};
		17CDD0342852700F006D81DC /* Build configuration list for PBXNativeTarget "quizTests" */ = {
			isa = XCConfigurationList;
			buildConfigurations = (
				17CDD0352852700F006D81DC /* Debug */,
				17CDD0362852700F006D81DC /* Release */,
			);
			defaultConfigurationIsVisible = 0;
			defaultConfigurationName = Release;
		};
		17CDD0372852700F006D81DC /* Build configuration list for PBXNativeTarget "quizUITests" */ = {
			isa = XCConfigurationList;
			buildConfigurations = (
				17CDD0382852700F006D81DC /* Debug */,
				17CDD0392852700F006D81DC /* Release */,
			);
			defaultConfigurationIsVisible = 0;
			defaultConfigurationName = Release;
		};
/* End XCConfigurationList section */
	};
	rootObject = 17CDCFFF2852700C006D81DC /* Project object */;
}
